{
  "version": 2,
  "dependencies": {
    "net10.0": {
      "RulesFactory.Maps.FaaPart107": {
        "type": "Direct",
        "requested": "[4.0.0, 4.0.0]",
        "resolved": "4.0.0",
        "contentHash": "YoOge0rgMHPZVSB8KC97L9YKsT9/mO79P8InEMAoeXsQY7UhuT+PdAD6kZu6dzGULOk8dVNubTuPCgBkVhmdLA=="
      },
      "RulesKernel": {
        "type": "Direct",
        "requested": "[0.3.0, )",
        "resolved": "0.3.0",
        "contentHash": "x52TbzXTrKKrq6dgQTqWayvO/NLsAEMMfPChdbaBeE4fP9hNVB4ILbIIwaBKQOKnA4FRODNJ2UIKSFFT8ByFGA=="
      },
      "RulesKernel.Analyzers": {
        "type": "Direct",
        "requested": "[0.3.0, )",
        "resolved": "0.3.0",
        "contentHash": "vReVuCsY5OXRQplsRoiVkj+Q90iINC+oIkQnMoTtsc2xDZsSot6liaPQ8iqZ7orLksytB7eIv9yVfEq5PYTBgw=="
      }
    },
    "net8.0": {
      "RulesFactory.Maps.FaaPart107": {
        "type": "Direct",
        "requested": "[4.0.0, 4.0.0]",
        "resolved": "4.0.0",
        "contentHash": "YoOge0rgMHPZVSB8KC97L9YKsT9/mO79P8InEMAoeXsQY7UhuT+PdAD6kZu6dzGULOk8dVNubTuPCgBkVhmdLA=="
      },
      "RulesKernel": {
        "type": "Direct",
        "requested": "[0.3.0, )",
        "resolved": "0.3.0",
        "contentHash": "x52TbzXTrKKrq6dgQTqWayvO/NLsAEMMfPChdbaBeE4fP9hNVB4ILbIIwaBKQOKnA4FRODNJ2UIKSFFT8ByFGA=="
      },
      "RulesKernel.Analyzers": {
        "type": "Direct",
        "requested": "[0.3.0, )",
        "resolved": "0.3.0",
        "contentHash": "vReVuCsY5OXRQplsRoiVkj+Q90iINC+oIkQnMoTtsc2xDZsSot6liaPQ8iqZ7orLksytB7eIv9yVfEq5PYTBgw=="
      }
    }
  }
}