{
  "version": 2,
  "dependencies": {
    "net10.0": {
      "RulesFactory.Maps.FaaPart107": {
        "type": "Direct",
        "requested": "[5.0.0, 5.0.0]",
        "resolved": "5.0.0",
        "contentHash": "TxKf2NiZZFpaJNlhp8o2B9irUKhv0LmIa66afwKdTRIk/YyPrHdnbR7i/IvVjv+2BN2Z3G9wCD+2mYao/70aLg=="
      },
      "RulesKernel": {
        "type": "Direct",
        "requested": "[1.0.0, )",
        "resolved": "1.0.0",
        "contentHash": "KApaRg9KEEiwg+cnZDPU0MPNRtHyuWYqCFpYYo1tS+l7tIXNBM+fu5Br4h9UdpFVry7Wis3xoA5b7se/4sn8KA=="
      },
      "RulesKernel.Analyzers": {
        "type": "Direct",
        "requested": "[1.0.0, )",
        "resolved": "1.0.0",
        "contentHash": "zR0tUW0miz4pR5bg7NvZtN/Cs9D2IXfOXuQkhZyUEY0Zt8YXXQKelvvvnPLvzsuSsX4mLGJGkXG8EWRh3JCztA=="
      }
    },
    "net8.0": {
      "RulesFactory.Maps.FaaPart107": {
        "type": "Direct",
        "requested": "[5.0.0, 5.0.0]",
        "resolved": "5.0.0",
        "contentHash": "TxKf2NiZZFpaJNlhp8o2B9irUKhv0LmIa66afwKdTRIk/YyPrHdnbR7i/IvVjv+2BN2Z3G9wCD+2mYao/70aLg=="
      },
      "RulesKernel": {
        "type": "Direct",
        "requested": "[1.0.0, )",
        "resolved": "1.0.0",
        "contentHash": "KApaRg9KEEiwg+cnZDPU0MPNRtHyuWYqCFpYYo1tS+l7tIXNBM+fu5Br4h9UdpFVry7Wis3xoA5b7se/4sn8KA=="
      },
      "RulesKernel.Analyzers": {
        "type": "Direct",
        "requested": "[1.0.0, )",
        "resolved": "1.0.0",
        "contentHash": "zR0tUW0miz4pR5bg7NvZtN/Cs9D2IXfOXuQkhZyUEY0Zt8YXXQKelvvvnPLvzsuSsX4mLGJGkXG8EWRh3JCztA=="
      }
    }
  }
}